
Microsoft Visual Studio Solution File, Format Version 12.00
# Visual Studio Version 16
VisualStudioVersion = 16.0.30717.126
MinimumVisualStudioVersion = 10.0.40219.1
Project("{FAE04EC0-301F-11D3-BF4B-00C04F79EFBC}") = "WebStore", "WebStore\WebStore.csproj", "{EB578BF1-6739-4AF1-A776-C4831B18A118}"
EndProject
Global
	GlobalSection(SolutionConfigurationPlatforms) = preSolution
		Debug|Any CPU = Debug|Any CPU
		Release|Any CPU = Release|Any CPU
	EndGlobalSection
	GlobalSection(ProjectConfigurationPlatforms) = postSolution
		{EB578BF1-6739-4AF1-A776-C4831B18A118}.Debug|Any CPU.ActiveCfg = Debug|Any CPU
		{EB578BF1-6739-4AF1-A776-C4831B18A118}.Debug|Any CPU.Build.0 = Debug|Any CPU
		{EB578BF1-6739-4AF1-A776-C4831B18A118}.Release|Any CPU.ActiveCfg = Release|Any CPU
		{EB578BF1-6739-4AF1-A776-C4831B18A118}.Release|Any CPU.Build.0 = Release|Any CPU
	EndGlobalSection
	GlobalSection(SolutionProperties) = preSolution
		HideSolutionNode = FALSE
	EndGlobalSection
	GlobalSection(ExtensibilityGlobals) = postSolution
		SolutionGuid = {83E9B92F-2960-43EF-B7D1-10D369D3C63E}
	EndGlobalSection
EndGlobal
